
Microsoft Visual Studio Solution File, Format Version 12.00
# Visual Studio Version 16
VisualStudioVersion = 16.0.30503.244
MinimumVisualStudioVersion = 10.0.40219.1
Project("{FAE04EC0-301F-11D3-BF4B-00C04F79EFBC}") = "CDN-Video-Uploader", "CDN-Video-Uploader.csproj", "{370FA934-6AF3-43ED-9AE3-8AEABEBF6938}"
EndProject
Global
	GlobalSection(SolutionConfigurationPlatforms) = preSolution
		Debug|Any CPU = Debug|Any CPU
		Release|Any CPU = Release|Any CPU
	EndGlobalSection
	GlobalSection(ProjectConfigurationPlatforms) = postSolution
		{370FA934-6AF3-43ED-9AE3-8AEABEBF6938}.Debug|Any CPU.ActiveCfg = Debug|Any CPU
		{370FA934-6AF3-43ED-9AE3-8AEABEBF6938}.Debug|Any CPU.Build.0 = Debug|Any CPU
		{370FA934-6AF3-43ED-9AE3-8AEABEBF6938}.Release|Any CPU.ActiveCfg = Release|Any CPU
		{370FA934-6AF3-43ED-9AE3-8AEABEBF6938}.Release|Any CPU.Build.0 = Release|Any CPU
	EndGlobalSection
	GlobalSection(SolutionProperties) = preSolution
		HideSolutionNode = FALSE
	EndGlobalSection
	GlobalSection(ExtensibilityGlobals) = postSolution
		SolutionGuid = {3EDFCE9A-9C83-418D-A155-CBBAC0C3F442}
	EndGlobalSection
EndGlobal
